{
  "name": "ghspa",
  "version": "1.0.0",
  "lockfileVersion": 1,
  "requires": true,
  "dependencies": {
    "bragit": {
      "version": "1.0.6",
      "resolved": "https://registry.npmjs.org/bragit/-/bragit-1.0.6.tgz",
      "integrity": "sha1-lRYhQoBcJBAAGsQsgGkmtrYbjOc=",
      "dev": true
    }
  }
}
